
Microsoft Visual Studio Solution File, Format Version 12.00
# Visual Studio Version 17
VisualStudioVersion = 17.2.32630.192
MinimumVisualStudioVersion = 10.0.40219.1
Project("{FAE04EC0-301F-11D3-BF4B-00C04F79EFBC}") = "MultiFactor.SelfService.Windows.Portal", "MultiFactor.SelfService.Windows.Portal.csproj", "{FB0B4F4D-9564-41EF-AD83-DD6EA6F4CFE4}"
EndProject
Project("{FAE04EC0-301F-11D3-BF4B-00C04F79EFBC}") = "MultiFactor.SelfService.Windows.Portal.Tests", "MultiFactor.SelfService.Windows.Portal.Tests\MultiFactor.SelfService.Windows.Portal.Tests.csproj", "{521DF653-A39F-4FE0-8BC6-86F603ABD617}"
EndProject
Global
	GlobalSection(SolutionConfigurationPlatforms) = preSolution
		Debug|Any CPU = Debug|Any CPU
		Release|Any CPU = Release|Any CPU
	EndGlobalSection
	GlobalSection(ProjectConfigurationPlatforms) = postSolution
		{FB0B4F4D-9564-41EF-AD83-DD6EA6F4CFE4}.Debug|Any CPU.ActiveCfg = Debug|Any CPU
		{FB0B4F4D-9564-41EF-AD83-DD6EA6F4CFE4}.Debug|Any CPU.Build.0 = Debug|Any CPU
		{FB0B4F4D-9564-41EF-AD83-DD6EA6F4CFE4}.Release|Any CPU.ActiveCfg = Release|Any CPU
		{FB0B4F4D-9564-41EF-AD83-DD6EA6F4CFE4}.Release|Any CPU.Build.0 = Release|Any CPU
		{521DF653-A39F-4FE0-8BC6-86F603ABD617}.Debug|Any CPU.ActiveCfg = Debug|Any CPU
		{521DF653-A39F-4FE0-8BC6-86F603ABD617}.Debug|Any CPU.Build.0 = Debug|Any CPU
		{521DF653-A39F-4FE0-8BC6-86F603ABD617}.Release|Any CPU.ActiveCfg = Release|Any CPU
		{521DF653-A39F-4FE0-8BC6-86F603ABD617}.Release|Any CPU.Build.0 = Release|Any CPU
	EndGlobalSection
	GlobalSection(SolutionProperties) = preSolution
		HideSolutionNode = FALSE
	EndGlobalSection
	GlobalSection(ExtensibilityGlobals) = postSolution
		SolutionGuid = {E86A7295-FC9C-4CB5-89A6-E5578C7B9BF9}
	EndGlobalSection
EndGlobal
